
Microsoft Visual Studio Solution File, Format Version 12.00
# Visual Studio Version 16
VisualStudioVersion = 16.0.30413.136
MinimumVisualStudioVersion = 10.0.40219.1
Project("{FAE04EC0-301F-11D3-BF4B-00C04F79EFBC}") = "CA201124", "CA201124\CA201124.csproj", "{C10466D9-F11B-45E6-8599-DF7CD1DCBCFB}"
EndProject
Global
	GlobalSection(SolutionConfigurationPlatforms) = preSolution
		Debug|Any CPU = Debug|Any CPU
		Release|Any CPU = Release|Any CPU
	EndGlobalSection
	GlobalSection(ProjectConfigurationPlatforms) = postSolution
		{C10466D9-F11B-45E6-8599-DF7CD1DCBCFB}.Debug|Any CPU.ActiveCfg = Debug|Any CPU
		{C10466D9-F11B-45E6-8599-DF7CD1DCBCFB}.Debug|Any CPU.Build.0 = Debug|Any CPU
		{C10466D9-F11B-45E6-8599-DF7CD1DCBCFB}.Release|Any CPU.ActiveCfg = Release|Any CPU
		{C10466D9-F11B-45E6-8599-DF7CD1DCBCFB}.Release|Any CPU.Build.0 = Release|Any CPU
	EndGlobalSection
	GlobalSection(SolutionProperties) = preSolution
		HideSolutionNode = FALSE
	EndGlobalSection
	GlobalSection(ExtensibilityGlobals) = postSolution
		SolutionGuid = {4E9DD3EA-C422-4353-BB61-D940F4BC72A3}
	EndGlobalSection
EndGlobal
